{
  "name": "mycelicmemory",
  "version": "1.2.2",
  "lockfileVersion": 3,
  "requires": true,
  "packages": {
    "": {
      "name": "mycelicmemory",
      "version": "1.2.2",
      "cpu": [
        "x64",
        "arm64"
      ],
      "license": "MIT",
      "os": [
        "darwin",
        "linux",
        "win32"
      ],
      "bin": {
        "mycelicmemory": "bin/mycelicmemory"
      },
      "engines": {
        "node": ">=16.0.0"
      }
    }
  }
}
